
Microsoft Visual Studio Solution File, Format Version 12.00
# Visual Studio Version 16
VisualStudioVersion = 16.0.33027.164
MinimumVisualStudioVersion = 10.0.40219.1
Project("{FAE04EC0-301F-11D3-BF4B-00C04F79EFBC}") = "CSharpBasics", "MeenakshiDemoApp\CSharpBasics.csproj", "{F496A013-5445-44F7-B009-84B024A35C88}"
EndProject
Project("{FAE04EC0-301F-11D3-BF4B-00C04F79EFBC}") = "RESTFulWebservicesDemo", "RESTFulWebservicesDemo\RESTFulWebservicesDemo.csproj", "{516BC0B8-BA65-4114-ADEF-40A096CDF11A}"
EndProject
Global
	GlobalSection(SolutionConfigurationPlatforms) = preSolution
		Debug|Any CPU = Debug|Any CPU
		Release|Any CPU = Release|Any CPU
	EndGlobalSection
	GlobalSection(ProjectConfigurationPlatforms) = postSolution
		{F496A013-5445-44F7-B009-84B024A35C88}.Debug|Any CPU.ActiveCfg = Debug|Any CPU
		{F496A013-5445-44F7-B009-84B024A35C88}.Debug|Any CPU.Build.0 = Debug|Any CPU
		{F496A013-5445-44F7-B009-84B024A35C88}.Release|Any CPU.ActiveCfg = Release|Any CPU
		{F496A013-5445-44F7-B009-84B024A35C88}.Release|Any CPU.Build.0 = Release|Any CPU
		{516BC0B8-BA65-4114-ADEF-40A096CDF11A}.Debug|Any CPU.ActiveCfg = Debug|Any CPU
		{516BC0B8-BA65-4114-ADEF-40A096CDF11A}.Debug|Any CPU.Build.0 = Debug|Any CPU
		{516BC0B8-BA65-4114-ADEF-40A096CDF11A}.Release|Any CPU.ActiveCfg = Release|Any CPU
		{516BC0B8-BA65-4114-ADEF-40A096CDF11A}.Release|Any CPU.Build.0 = Release|Any CPU
	EndGlobalSection
	GlobalSection(SolutionProperties) = preSolution
		HideSolutionNode = FALSE
	EndGlobalSection
	GlobalSection(ExtensibilityGlobals) = postSolution
		SolutionGuid = {AF677FEB-922C-481F-99FE-4D9BCDA18FBF}
	EndGlobalSection
EndGlobal
