
Microsoft Visual Studio Solution File, Format Version 12.00
# Visual Studio Version 16
VisualStudioVersion = 16.0.35325.158
MinimumVisualStudioVersion = 10.0.40219.1
Project("{FAE04EC0-301F-11D3-BF4B-00C04F79EFBC}") = "HelloWorld", "HelloWorld\HelloWorld.csproj", "{F5EA5DFB-CE58-4D2B-A15D-BABF16211FA2}"
EndProject
Global
	GlobalSection(SolutionConfigurationPlatforms) = preSolution
		Debug|Any CPU = Debug|Any CPU
		Release|Any CPU = Release|Any CPU
	EndGlobalSection
	GlobalSection(ProjectConfigurationPlatforms) = postSolution
		{F5EA5DFB-CE58-4D2B-A15D-BABF16211FA2}.Debug|Any CPU.ActiveCfg = Debug|Any CPU
		{F5EA5DFB-CE58-4D2B-A15D-BABF16211FA2}.Debug|Any CPU.Build.0 = Debug|Any CPU
		{F5EA5DFB-CE58-4D2B-A15D-BABF16211FA2}.Release|Any CPU.ActiveCfg = Release|Any CPU
		{F5EA5DFB-CE58-4D2B-A15D-BABF16211FA2}.Release|Any CPU.Build.0 = Release|Any CPU
	EndGlobalSection
	GlobalSection(SolutionProperties) = preSolution
		HideSolutionNode = FALSE
	EndGlobalSection
	GlobalSection(ExtensibilityGlobals) = postSolution
		SolutionGuid = {95B1E1C8-02E4-457E-A0B8-B5FA66E381AF}
	EndGlobalSection
EndGlobal
